
Microsoft Visual Studio Solution File, Format Version 11.00
# Visual Studio 2010
Project("{FAE04EC0-301F-11D3-BF4B-00C04F79EFBC}") = "ReactiveUI.Sample", "ReactiveUI.Sample\ReactiveUI.Sample.csproj", "{AD380DB1-1A9F-4D3C-8A38-B983D7C07CE1}"
EndProject
Project("{FAE04EC0-301F-11D3-BF4B-00C04F79EFBC}") = "ReactiveUI.Sample.Tests", "ReactiveUI.Sample.Tests\ReactiveUI.Sample.Tests.csproj", "{66228ACF-D185-406F-8731-D37E01E37254}"
EndProject
Global
	GlobalSection(SolutionConfigurationPlatforms) = preSolution
		Debug|Any CPU = Debug|Any CPU
		Debug|Mixed Platforms = Debug|Mixed Platforms
		Debug|x86 = Debug|x86
		Release|Any CPU = Release|Any CPU
		Release|Mixed Platforms = Release|Mixed Platforms
		Release|x86 = Release|x86
	EndGlobalSection
	GlobalSection(ProjectConfigurationPlatforms) = postSolution
		{AD380DB1-1A9F-4D3C-8A38-B983D7C07CE1}.Debug|Any CPU.ActiveCfg = Debug|x86
		{AD380DB1-1A9F-4D3C-8A38-B983D7C07CE1}.Debug|Mixed Platforms.ActiveCfg = Debug|x86
		{AD380DB1-1A9F-4D3C-8A38-B983D7C07CE1}.Debug|Mixed Platforms.Build.0 = Debug|x86
		{AD380DB1-1A9F-4D3C-8A38-B983D7C07CE1}.Debug|x86.ActiveCfg = Debug|x86
		{AD380DB1-1A9F-4D3C-8A38-B983D7C07CE1}.Debug|x86.Build.0 = Debug|x86
		{AD380DB1-1A9F-4D3C-8A38-B983D7C07CE1}.Release|Any CPU.ActiveCfg = Release|x86
		{AD380DB1-1A9F-4D3C-8A38-B983D7C07CE1}.Release|Mixed Platforms.ActiveCfg = Release|x86
		{AD380DB1-1A9F-4D3C-8A38-B983D7C07CE1}.Release|Mixed Platforms.Build.0 = Release|x86
		{AD380DB1-1A9F-4D3C-8A38-B983D7C07CE1}.Release|x86.ActiveCfg = Release|x86
		{AD380DB1-1A9F-4D3C-8A38-B983D7C07CE1}.Release|x86.Build.0 = Release|x86
		{66228ACF-D185-406F-8731-D37E01E37254}.Debug|Any CPU.ActiveCfg = Debug|Any CPU
		{66228ACF-D185-406F-8731-D37E01E37254}.Debug|Any CPU.Build.0 = Debug|Any CPU
		{66228ACF-D185-406F-8731-D37E01E37254}.Debug|Mixed Platforms.ActiveCfg = Debug|Any CPU
		{66228ACF-D185-406F-8731-D37E01E37254}.Debug|Mixed Platforms.Build.0 = Debug|Any CPU
		{66228ACF-D185-406F-8731-D37E01E37254}.Debug|x86.ActiveCfg = Debug|Any CPU
		{66228ACF-D185-406F-8731-D37E01E37254}.Release|Any CPU.ActiveCfg = Release|Any CPU
		{66228ACF-D185-406F-8731-D37E01E37254}.Release|Any CPU.Build.0 = Release|Any CPU
		{66228ACF-D185-406F-8731-D37E01E37254}.Release|Mixed Platforms.ActiveCfg = Release|Any CPU
		{66228ACF-D185-406F-8731-D37E01E37254}.Release|Mixed Platforms.Build.0 = Release|Any CPU
		{66228ACF-D185-406F-8731-D37E01E37254}.Release|x86.ActiveCfg = Release|Any CPU
	EndGlobalSection
	GlobalSection(SolutionProperties) = preSolution
		HideSolutionNode = FALSE
	EndGlobalSection
EndGlobal
